
Microsoft Visual Studio Solution File, Format Version 12.00
# Visual Studio Version 17
VisualStudioVersion = 17.2.32630.192
MinimumVisualStudioVersion = 10.0.40219.1
Project("{8BC9CEB8-8B4A-11D0-8D11-00A0C91BC942}") = "il2cpp", "il2cpp\il2cpp.vcxproj", "{1A6FFCAF-046C-4775-8777-9313054C086F}"
EndProject
Global
	GlobalSection(SolutionConfigurationPlatforms) = preSolution
		Debug|x64 = Debug|x64
		Debug|x86 = Debug|x86
		Release|x64 = Release|x64
		Release|x86 = Release|x86
	EndGlobalSection
	GlobalSection(ProjectConfigurationPlatforms) = postSolution
		{1A6FFCAF-046C-4775-8777-9313054C086F}.Debug|x64.ActiveCfg = Debug|x64
		{1A6FFCAF-046C-4775-8777-9313054C086F}.Debug|x64.Build.0 = Debug|x64
		{1A6FFCAF-046C-4775-8777-9313054C086F}.Debug|x86.ActiveCfg = Debug|Win32
		{1A6FFCAF-046C-4775-8777-9313054C086F}.Debug|x86.Build.0 = Debug|Win32
		{1A6FFCAF-046C-4775-8777-9313054C086F}.Release|x64.ActiveCfg = Release|x64
		{1A6FFCAF-046C-4775-8777-9313054C086F}.Release|x64.Build.0 = Release|x64
		{1A6FFCAF-046C-4775-8777-9313054C086F}.Release|x86.ActiveCfg = Release|Win32
		{1A6FFCAF-046C-4775-8777-9313054C086F}.Release|x86.Build.0 = Release|Win32
	EndGlobalSection
	GlobalSection(SolutionProperties) = preSolution
		HideSolutionNode = FALSE
	EndGlobalSection
	GlobalSection(ExtensibilityGlobals) = postSolution
		SolutionGuid = {5DB9611B-997F-4FEE-8D95-CDE291BBC311}
	EndGlobalSection
EndGlobal
